
Microsoft Visual Studio Solution File, Format Version 12.00
# Visual Studio Version 17
VisualStudioVersion = 17.0.31903.59
MinimumVisualStudioVersion = 10.0.40219.1
Project("{FAE04EC0-301F-11D3-BF4B-00C04F79EFBC}") = "Bank.Domain", "Bank.Domain\Bank.Domain.csproj", "{E7D2B7F1-E3F6-49FA-83C1-276708B74040}"
EndProject
Project("{FAE04EC0-301F-11D3-BF4B-00C04F79EFBC}") = "Bank.Domain.Tests", "Bank.Domain.Tests\Bank.Domain.Tests.csproj", "{537CCE18-8565-4D75-B295-6AD2C4B13344}"
EndProject
Global
	GlobalSection(SolutionConfigurationPlatforms) = preSolution
		Debug|Any CPU = Debug|Any CPU
		Debug|x64 = Debug|x64
		Debug|x86 = Debug|x86
		Release|Any CPU = Release|Any CPU
		Release|x64 = Release|x64
		Release|x86 = Release|x86
	EndGlobalSection
	GlobalSection(ProjectConfigurationPlatforms) = postSolution
		{E7D2B7F1-E3F6-49FA-83C1-276708B74040}.Debug|Any CPU.ActiveCfg = Debug|Any CPU
		{E7D2B7F1-E3F6-49FA-83C1-276708B74040}.Debug|Any CPU.Build.0 = Debug|Any CPU
		{E7D2B7F1-E3F6-49FA-83C1-276708B74040}.Debug|x64.ActiveCfg = Debug|Any CPU
		{E7D2B7F1-E3F6-49FA-83C1-276708B74040}.Debug|x64.Build.0 = Debug|Any CPU
		{E7D2B7F1-E3F6-49FA-83C1-276708B74040}.Debug|x86.ActiveCfg = Debug|Any CPU
		{E7D2B7F1-E3F6-49FA-83C1-276708B74040}.Debug|x86.Build.0 = Debug|Any CPU
		{E7D2B7F1-E3F6-49FA-83C1-276708B74040}.Release|Any CPU.ActiveCfg = Release|Any CPU
		{E7D2B7F1-E3F6-49FA-83C1-276708B74040}.Release|Any CPU.Build.0 = Release|Any CPU
		{E7D2B7F1-E3F6-49FA-83C1-276708B74040}.Release|x64.ActiveCfg = Release|Any CPU
		{E7D2B7F1-E3F6-49FA-83C1-276708B74040}.Release|x64.Build.0 = Release|Any CPU
		{E7D2B7F1-E3F6-49FA-83C1-276708B74040}.Release|x86.ActiveCfg = Release|Any CPU
		{E7D2B7F1-E3F6-49FA-83C1-276708B74040}.Release|x86.Build.0 = Release|Any CPU
		{537CCE18-8565-4D75-B295-6AD2C4B13344}.Debug|Any CPU.ActiveCfg = Debug|Any CPU
		{537CCE18-8565-4D75-B295-6AD2C4B13344}.Debug|Any CPU.Build.0 = Debug|Any CPU
		{537CCE18-8565-4D75-B295-6AD2C4B13344}.Debug|x64.ActiveCfg = Debug|Any CPU
		{537CCE18-8565-4D75-B295-6AD2C4B13344}.Debug|x64.Build.0 = Debug|Any CPU
		{537CCE18-8565-4D75-B295-6AD2C4B13344}.Debug|x86.ActiveCfg = Debug|Any CPU
		{537CCE18-8565-4D75-B295-6AD2C4B13344}.Debug|x86.Build.0 = Debug|Any CPU
		{537CCE18-8565-4D75-B295-6AD2C4B13344}.Release|Any CPU.ActiveCfg = Release|Any CPU
		{537CCE18-8565-4D75-B295-6AD2C4B13344}.Release|Any CPU.Build.0 = Release|Any CPU
		{537CCE18-8565-4D75-B295-6AD2C4B13344}.Release|x64.ActiveCfg = Release|Any CPU
		{537CCE18-8565-4D75-B295-6AD2C4B13344}.Release|x64.Build.0 = Release|Any CPU
		{537CCE18-8565-4D75-B295-6AD2C4B13344}.Release|x86.ActiveCfg = Release|Any CPU
		{537CCE18-8565-4D75-B295-6AD2C4B13344}.Release|x86.Build.0 = Release|Any CPU
	EndGlobalSection
	GlobalSection(SolutionProperties) = preSolution
		HideSolutionNode = FALSE
	EndGlobalSection
EndGlobal
